
Microsoft Visual Studio Solution File, Format Version 12.00
# Visual Studio Version 17
VisualStudioVersion = 17.5.33516.290
MinimumVisualStudioVersion = 10.0.40219.1
Project("{FAE04EC0-301F-11D3-BF4B-00C04F79EFBC}") = "Task1_9_2_1", "Task1_9_2_1\Task1_9_2_1.csproj", "{9D1DADD1-2351-4A9D-8F86-5BBF0C66FECA}"
EndProject
Project("{FAE04EC0-301F-11D3-BF4B-00C04F79EFBC}") = "Task1_9_2_2", "Task1_9_2_2\Task1_9_2_2.csproj", "{5008E339-F6B7-44CD-A86D-16CCACE92B63}"
EndProject
Project("{FAE04EC0-301F-11D3-BF4B-00C04F79EFBC}") = "Task1_9_2_10", "Task1_9_2_10\Task1_9_2_10.csproj", "{5BD7A589-1D76-4975-BE36-A2AA5E32C877}"
EndProject
Project("{FAE04EC0-301F-11D3-BF4B-00C04F79EFBC}") = "Task1_9_2_19", "Task1_9_2_19\Task1_9_2_19.csproj", "{8CEBE546-82A7-48B0-813B-E929CCE38F2F}"
EndProject
Project("{FAE04EC0-301F-11D3-BF4B-00C04F79EFBC}") = "Task1_9_2_20", "Task1_9_2_20\Task1_9_2_20.csproj", "{11D0DDFF-ABE7-4B0E-9F9C-EB3BB1C1E5C0}"
EndProject
Global
	GlobalSection(SolutionConfigurationPlatforms) = preSolution
		Debug|Any CPU = Debug|Any CPU
		Release|Any CPU = Release|Any CPU
	EndGlobalSection
	GlobalSection(ProjectConfigurationPlatforms) = postSolution
		{9D1DADD1-2351-4A9D-8F86-5BBF0C66FECA}.Debug|Any CPU.ActiveCfg = Debug|Any CPU
		{9D1DADD1-2351-4A9D-8F86-5BBF0C66FECA}.Debug|Any CPU.Build.0 = Debug|Any CPU
		{9D1DADD1-2351-4A9D-8F86-5BBF0C66FECA}.Release|Any CPU.ActiveCfg = Release|Any CPU
		{9D1DADD1-2351-4A9D-8F86-5BBF0C66FECA}.Release|Any CPU.Build.0 = Release|Any CPU
		{5008E339-F6B7-44CD-A86D-16CCACE92B63}.Debug|Any CPU.ActiveCfg = Debug|Any CPU
		{5008E339-F6B7-44CD-A86D-16CCACE92B63}.Debug|Any CPU.Build.0 = Debug|Any CPU
		{5008E339-F6B7-44CD-A86D-16CCACE92B63}.Release|Any CPU.ActiveCfg = Release|Any CPU
		{5008E339-F6B7-44CD-A86D-16CCACE92B63}.Release|Any CPU.Build.0 = Release|Any CPU
		{5BD7A589-1D76-4975-BE36-A2AA5E32C877}.Debug|Any CPU.ActiveCfg = Debug|Any CPU
		{5BD7A589-1D76-4975-BE36-A2AA5E32C877}.Debug|Any CPU.Build.0 = Debug|Any CPU
		{5BD7A589-1D76-4975-BE36-A2AA5E32C877}.Release|Any CPU.ActiveCfg = Release|Any CPU
		{5BD7A589-1D76-4975-BE36-A2AA5E32C877}.Release|Any CPU.Build.0 = Release|Any CPU
		{8CEBE546-82A7-48B0-813B-E929CCE38F2F}.Debug|Any CPU.ActiveCfg = Debug|Any CPU
		{8CEBE546-82A7-48B0-813B-E929CCE38F2F}.Debug|Any CPU.Build.0 = Debug|Any CPU
		{8CEBE546-82A7-48B0-813B-E929CCE38F2F}.Release|Any CPU.ActiveCfg = Release|Any CPU
		{8CEBE546-82A7-48B0-813B-E929CCE38F2F}.Release|Any CPU.Build.0 = Release|Any CPU
		{11D0DDFF-ABE7-4B0E-9F9C-EB3BB1C1E5C0}.Debug|Any CPU.ActiveCfg = Debug|Any CPU
		{11D0DDFF-ABE7-4B0E-9F9C-EB3BB1C1E5C0}.Debug|Any CPU.Build.0 = Debug|Any CPU
		{11D0DDFF-ABE7-4B0E-9F9C-EB3BB1C1E5C0}.Release|Any CPU.ActiveCfg = Release|Any CPU
		{11D0DDFF-ABE7-4B0E-9F9C-EB3BB1C1E5C0}.Release|Any CPU.Build.0 = Release|Any CPU
	EndGlobalSection
	GlobalSection(SolutionProperties) = preSolution
		HideSolutionNode = FALSE
	EndGlobalSection
	GlobalSection(ExtensibilityGlobals) = postSolution
		SolutionGuid = {21F685EF-2D1C-4878-B646-EE95340F5682}
	EndGlobalSection
EndGlobal
